
Microsoft Visual Studio Solution File, Format Version 12.00
# Visual Studio Version 17
VisualStudioVersion = 17.1.32407.343
MinimumVisualStudioVersion = 10.0.40219.1
Project("{FAE04EC0-301F-11D3-BF4B-00C04F79EFBC}") = "Web.BackendAPI", "Web.BackendAPI\Web.BackendAPI.csproj", "{C0758FCB-57C3-469C-8DB4-38DDC20F4B6F}"
EndProject
Project("{FAE04EC0-301F-11D3-BF4B-00C04F79EFBC}") = "Web.Business", "Web.Business\Web.Business.csproj", "{591B2ADF-6C1A-4C9F-8D09-5BC12D3F4F89}"
EndProject
Project("{FAE04EC0-301F-11D3-BF4B-00C04F79EFBC}") = "Web.DataAccessor", "Web.DataAccessor\Web.DataAccessor.csproj", "{DEADA208-385F-4EF1-9E1A-7FBD5E5ECF8E}"
EndProject
Project("{FAE04EC0-301F-11D3-BF4B-00C04F79EFBC}") = "Web.Contracts", "Web.Contracts\Web.Contracts.csproj", "{25BABCD7-2FFF-40CB-B9FF-F8757B951E04}"
EndProject
Global
	GlobalSection(SolutionConfigurationPlatforms) = preSolution
		Debug|Any CPU = Debug|Any CPU
		Release|Any CPU = Release|Any CPU
	EndGlobalSection
	GlobalSection(ProjectConfigurationPlatforms) = postSolution
		{C0758FCB-57C3-469C-8DB4-38DDC20F4B6F}.Debug|Any CPU.ActiveCfg = Debug|Any CPU
		{C0758FCB-57C3-469C-8DB4-38DDC20F4B6F}.Debug|Any CPU.Build.0 = Debug|Any CPU
		{C0758FCB-57C3-469C-8DB4-38DDC20F4B6F}.Release|Any CPU.ActiveCfg = Release|Any CPU
		{C0758FCB-57C3-469C-8DB4-38DDC20F4B6F}.Release|Any CPU.Build.0 = Release|Any CPU
		{591B2ADF-6C1A-4C9F-8D09-5BC12D3F4F89}.Debug|Any CPU.ActiveCfg = Debug|Any CPU
		{591B2ADF-6C1A-4C9F-8D09-5BC12D3F4F89}.Debug|Any CPU.Build.0 = Debug|Any CPU
		{591B2ADF-6C1A-4C9F-8D09-5BC12D3F4F89}.Release|Any CPU.ActiveCfg = Release|Any CPU
		{591B2ADF-6C1A-4C9F-8D09-5BC12D3F4F89}.Release|Any CPU.Build.0 = Release|Any CPU
		{DEADA208-385F-4EF1-9E1A-7FBD5E5ECF8E}.Debug|Any CPU.ActiveCfg = Debug|Any CPU
		{DEADA208-385F-4EF1-9E1A-7FBD5E5ECF8E}.Debug|Any CPU.Build.0 = Debug|Any CPU
		{DEADA208-385F-4EF1-9E1A-7FBD5E5ECF8E}.Release|Any CPU.ActiveCfg = Release|Any CPU
		{DEADA208-385F-4EF1-9E1A-7FBD5E5ECF8E}.Release|Any CPU.Build.0 = Release|Any CPU
		{25BABCD7-2FFF-40CB-B9FF-F8757B951E04}.Debug|Any CPU.ActiveCfg = Debug|Any CPU
		{25BABCD7-2FFF-40CB-B9FF-F8757B951E04}.Debug|Any CPU.Build.0 = Debug|Any CPU
		{25BABCD7-2FFF-40CB-B9FF-F8757B951E04}.Release|Any CPU.ActiveCfg = Release|Any CPU
		{25BABCD7-2FFF-40CB-B9FF-F8757B951E04}.Release|Any CPU.Build.0 = Release|Any CPU
	EndGlobalSection
	GlobalSection(SolutionProperties) = preSolution
		HideSolutionNode = FALSE
	EndGlobalSection
	GlobalSection(ExtensibilityGlobals) = postSolution
		SolutionGuid = {10C98283-0318-43F9-BE9A-3222776FF645}
	EndGlobalSection
EndGlobal
